
Microsoft Visual Studio Solution File, Format Version 12.00
# Visual Studio 15
VisualStudioVersion = 15.0.26124.0
MinimumVisualStudioVersion = 15.0.26124.0
Project("{2150E333-8FDC-42A3-9474-1A3956D46DE8}") = "src", "src", "{7C47EEE5-3178-4985-948C-EC43250F10DA}"
EndProject
Project("{FAE04EC0-301F-11D3-BF4B-00C04F79EFBC}") = "DataHandler.Excel", "src\DataHandler.Excel\DataHandler.Excel.csproj", "{95A3F86F-197B-4343-80CE-218C927565ED}"
EndProject
Project("{FAE04EC0-301F-11D3-BF4B-00C04F79EFBC}") = "DataHandler.Tests", "src\DataHandler.Tests\DataHandler.Tests.csproj", "{8BC3ECD1-DA63-4871-87C5-7CE09934440A}"
EndProject
Global
	GlobalSection(SolutionConfigurationPlatforms) = preSolution
		Debug|Any CPU = Debug|Any CPU
		Debug|x64 = Debug|x64
		Debug|x86 = Debug|x86
		Release|Any CPU = Release|Any CPU
		Release|x64 = Release|x64
		Release|x86 = Release|x86
	EndGlobalSection
	GlobalSection(SolutionProperties) = preSolution
		HideSolutionNode = FALSE
	EndGlobalSection
	GlobalSection(ProjectConfigurationPlatforms) = postSolution
		{95A3F86F-197B-4343-80CE-218C927565ED}.Debug|Any CPU.ActiveCfg = Debug|Any CPU
		{95A3F86F-197B-4343-80CE-218C927565ED}.Debug|Any CPU.Build.0 = Debug|Any CPU
		{95A3F86F-197B-4343-80CE-218C927565ED}.Debug|x64.ActiveCfg = Debug|Any CPU
		{95A3F86F-197B-4343-80CE-218C927565ED}.Debug|x64.Build.0 = Debug|Any CPU
		{95A3F86F-197B-4343-80CE-218C927565ED}.Debug|x86.ActiveCfg = Debug|Any CPU
		{95A3F86F-197B-4343-80CE-218C927565ED}.Debug|x86.Build.0 = Debug|Any CPU
		{95A3F86F-197B-4343-80CE-218C927565ED}.Release|Any CPU.ActiveCfg = Release|Any CPU
		{95A3F86F-197B-4343-80CE-218C927565ED}.Release|Any CPU.Build.0 = Release|Any CPU
		{95A3F86F-197B-4343-80CE-218C927565ED}.Release|x64.ActiveCfg = Release|Any CPU
		{95A3F86F-197B-4343-80CE-218C927565ED}.Release|x64.Build.0 = Release|Any CPU
		{95A3F86F-197B-4343-80CE-218C927565ED}.Release|x86.ActiveCfg = Release|Any CPU
		{95A3F86F-197B-4343-80CE-218C927565ED}.Release|x86.Build.0 = Release|Any CPU
		{8BC3ECD1-DA63-4871-87C5-7CE09934440A}.Debug|Any CPU.ActiveCfg = Debug|Any CPU
		{8BC3ECD1-DA63-4871-87C5-7CE09934440A}.Debug|Any CPU.Build.0 = Debug|Any CPU
		{8BC3ECD1-DA63-4871-87C5-7CE09934440A}.Debug|x64.ActiveCfg = Debug|Any CPU
		{8BC3ECD1-DA63-4871-87C5-7CE09934440A}.Debug|x64.Build.0 = Debug|Any CPU
		{8BC3ECD1-DA63-4871-87C5-7CE09934440A}.Debug|x86.ActiveCfg = Debug|Any CPU
		{8BC3ECD1-DA63-4871-87C5-7CE09934440A}.Debug|x86.Build.0 = Debug|Any CPU
		{8BC3ECD1-DA63-4871-87C5-7CE09934440A}.Release|Any CPU.ActiveCfg = Release|Any CPU
		{8BC3ECD1-DA63-4871-87C5-7CE09934440A}.Release|Any CPU.Build.0 = Release|Any CPU
		{8BC3ECD1-DA63-4871-87C5-7CE09934440A}.Release|x64.ActiveCfg = Release|Any CPU
		{8BC3ECD1-DA63-4871-87C5-7CE09934440A}.Release|x64.Build.0 = Release|Any CPU
		{8BC3ECD1-DA63-4871-87C5-7CE09934440A}.Release|x86.ActiveCfg = Release|Any CPU
		{8BC3ECD1-DA63-4871-87C5-7CE09934440A}.Release|x86.Build.0 = Release|Any CPU
	EndGlobalSection
	GlobalSection(NestedProjects) = preSolution
		{95A3F86F-197B-4343-80CE-218C927565ED} = {7C47EEE5-3178-4985-948C-EC43250F10DA}
		{8BC3ECD1-DA63-4871-87C5-7CE09934440A} = {7C47EEE5-3178-4985-948C-EC43250F10DA}
	EndGlobalSection
EndGlobal
